
Microsoft Visual Studio Solution File, Format Version 12.00
# Visual Studio Version 16
VisualStudioVersion = 16.0.29721.120
MinimumVisualStudioVersion = 10.0.40219.1
Project("{2150E333-8FDC-42A3-9474-1A3956D46DE8}") = "Solution Items", "Solution Items", "{7271F8CF-C4EC-47FE-91F3-FF3331482C4F}"
	ProjectSection(SolutionItems) = preProject
		appveyor.yml = appveyor.yml
		Directory.Build.props = Directory.Build.props
	EndProjectSection
EndProject
Project("{9A19103F-16F7-4668-BE54-9A1E7A4F7556}") = "Cogito.Serilog", "Cogito.Serilog\Cogito.Serilog.csproj", "{CBA6505F-8781-4A5E-9A4A-6942EBD66ED4}"
EndProject
Project("{9A19103F-16F7-4668-BE54-9A1E7A4F7556}") = "Cogito.Serilog.Autofac", "Cogito.Serilog.Autofac\Cogito.Serilog.Autofac.csproj", "{7B309A5F-E9BC-46D0-B776-0B13CB65AEDF}"
EndProject
Project("{9A19103F-16F7-4668-BE54-9A1E7A4F7556}") = "Cogito.Serilog.Tests", "Cogito.Serilog.Tests\Cogito.Serilog.Tests.csproj", "{1B6B5D05-9BA9-43BA-A4F2-35A85015FBBF}"
EndProject
Global
	GlobalSection(SolutionConfigurationPlatforms) = preSolution
		Debug|Any CPU = Debug|Any CPU
		Release|Any CPU = Release|Any CPU
	EndGlobalSection
	GlobalSection(ProjectConfigurationPlatforms) = postSolution
		{CBA6505F-8781-4A5E-9A4A-6942EBD66ED4}.Debug|Any CPU.ActiveCfg = Debug|Any CPU
		{CBA6505F-8781-4A5E-9A4A-6942EBD66ED4}.Debug|Any CPU.Build.0 = Debug|Any CPU
		{CBA6505F-8781-4A5E-9A4A-6942EBD66ED4}.Release|Any CPU.ActiveCfg = Release|Any CPU
		{CBA6505F-8781-4A5E-9A4A-6942EBD66ED4}.Release|Any CPU.Build.0 = Release|Any CPU
		{7B309A5F-E9BC-46D0-B776-0B13CB65AEDF}.Debug|Any CPU.ActiveCfg = Debug|Any CPU
		{7B309A5F-E9BC-46D0-B776-0B13CB65AEDF}.Debug|Any CPU.Build.0 = Debug|Any CPU
		{7B309A5F-E9BC-46D0-B776-0B13CB65AEDF}.Release|Any CPU.ActiveCfg = Release|Any CPU
		{7B309A5F-E9BC-46D0-B776-0B13CB65AEDF}.Release|Any CPU.Build.0 = Release|Any CPU
		{1B6B5D05-9BA9-43BA-A4F2-35A85015FBBF}.Debug|Any CPU.ActiveCfg = Debug|Any CPU
		{1B6B5D05-9BA9-43BA-A4F2-35A85015FBBF}.Debug|Any CPU.Build.0 = Debug|Any CPU
		{1B6B5D05-9BA9-43BA-A4F2-35A85015FBBF}.Release|Any CPU.ActiveCfg = Release|Any CPU
		{1B6B5D05-9BA9-43BA-A4F2-35A85015FBBF}.Release|Any CPU.Build.0 = Release|Any CPU
	EndGlobalSection
	GlobalSection(SolutionProperties) = preSolution
		HideSolutionNode = FALSE
	EndGlobalSection
	GlobalSection(ExtensibilityGlobals) = postSolution
		SolutionGuid = {FF4B3820-4206-4316-82A5-DEA5792C6A71}
	EndGlobalSection
EndGlobal
